
Microsoft Visual Studio Solution File, Format Version 12.00
# Visual Studio Version 17
VisualStudioVersion = 17.0.32112.339
MinimumVisualStudioVersion = 10.0.40219.1
Project("{FAE04EC0-301F-11D3-BF4B-00C04F79EFBC}") = "WebAPI(Restful)", "WebAPI(Restful)\WebAPI(Restful).csproj", "{33EEC36B-BC93-42EC-8EFA-FC5AACDF2B58}"
EndProject
Global
	GlobalSection(SolutionConfigurationPlatforms) = preSolution
		Debug|Any CPU = Debug|Any CPU
		Release|Any CPU = Release|Any CPU
	EndGlobalSection
	GlobalSection(ProjectConfigurationPlatforms) = postSolution
		{33EEC36B-BC93-42EC-8EFA-FC5AACDF2B58}.Debug|Any CPU.ActiveCfg = Debug|Any CPU
		{33EEC36B-BC93-42EC-8EFA-FC5AACDF2B58}.Debug|Any CPU.Build.0 = Debug|Any CPU
		{33EEC36B-BC93-42EC-8EFA-FC5AACDF2B58}.Release|Any CPU.ActiveCfg = Release|Any CPU
		{33EEC36B-BC93-42EC-8EFA-FC5AACDF2B58}.Release|Any CPU.Build.0 = Release|Any CPU
	EndGlobalSection
	GlobalSection(SolutionProperties) = preSolution
		HideSolutionNode = FALSE
	EndGlobalSection
	GlobalSection(ExtensibilityGlobals) = postSolution
		SolutionGuid = {2B6E9886-77D0-4A99-A1F3-4703F40963A4}
	EndGlobalSection
EndGlobal
